
Microsoft Visual Studio Solution File, Format Version 12.00
# Visual Studio Version 17
VisualStudioVersion = 17.0.31903.59
MinimumVisualStudioVersion = 10.0.40219.1
Project("{FAE04EC0-301F-11D3-BF4B-00C04F79EFBC}") = "CreditDDD.Core", "CreditDDD.Core\CreditDDD.Core.csproj", "{79E29971-792A-4719-8BB7-DAD154CB3F66}"
EndProject
Project("{FAE04EC0-301F-11D3-BF4B-00C04F79EFBC}") = "CreditDDD.Infrastructure", "CreditDDD.Infrastructure\CreditDDD.Infrastructure.csproj", "{3C50CE82-EF3E-4A51-8A27-66D81CA7FF25}"
EndProject
Project("{FAE04EC0-301F-11D3-BF4B-00C04F79EFBC}") = "CreditDDD.Application", "CreditDDD.Application\CreditDDD.Application.csproj", "{87C05DF1-92D4-4DB1-A689-43326D47E08A}"
EndProject
Project("{FAE04EC0-301F-11D3-BF4B-00C04F79EFBC}") = "CreditDDD.API", "CreditDDD.API\CreditDDD.API.csproj", "{6F4DE0D7-0C48-4A44-8B2A-8814692C4C87}"
EndProject
Global
	GlobalSection(SolutionConfigurationPlatforms) = preSolution
		Debug|Any CPU = Debug|Any CPU
		Debug|x64 = Debug|x64
		Debug|x86 = Debug|x86
		Release|Any CPU = Release|Any CPU
		Release|x64 = Release|x64
		Release|x86 = Release|x86
	EndGlobalSection
	GlobalSection(ProjectConfigurationPlatforms) = postSolution
		{79E29971-792A-4719-8BB7-DAD154CB3F66}.Debug|Any CPU.ActiveCfg = Debug|Any CPU
		{79E29971-792A-4719-8BB7-DAD154CB3F66}.Debug|Any CPU.Build.0 = Debug|Any CPU
		{79E29971-792A-4719-8BB7-DAD154CB3F66}.Debug|x64.ActiveCfg = Debug|Any CPU
		{79E29971-792A-4719-8BB7-DAD154CB3F66}.Debug|x64.Build.0 = Debug|Any CPU
		{79E29971-792A-4719-8BB7-DAD154CB3F66}.Debug|x86.ActiveCfg = Debug|Any CPU
		{79E29971-792A-4719-8BB7-DAD154CB3F66}.Debug|x86.Build.0 = Debug|Any CPU
		{79E29971-792A-4719-8BB7-DAD154CB3F66}.Release|Any CPU.ActiveCfg = Release|Any CPU
		{79E29971-792A-4719-8BB7-DAD154CB3F66}.Release|Any CPU.Build.0 = Release|Any CPU
		{79E29971-792A-4719-8BB7-DAD154CB3F66}.Release|x64.ActiveCfg = Release|Any CPU
		{79E29971-792A-4719-8BB7-DAD154CB3F66}.Release|x64.Build.0 = Release|Any CPU
		{79E29971-792A-4719-8BB7-DAD154CB3F66}.Release|x86.ActiveCfg = Release|Any CPU
		{79E29971-792A-4719-8BB7-DAD154CB3F66}.Release|x86.Build.0 = Release|Any CPU
		{3C50CE82-EF3E-4A51-8A27-66D81CA7FF25}.Debug|Any CPU.ActiveCfg = Debug|Any CPU
		{3C50CE82-EF3E-4A51-8A27-66D81CA7FF25}.Debug|Any CPU.Build.0 = Debug|Any CPU
		{3C50CE82-EF3E-4A51-8A27-66D81CA7FF25}.Debug|x64.ActiveCfg = Debug|Any CPU
		{3C50CE82-EF3E-4A51-8A27-66D81CA7FF25}.Debug|x64.Build.0 = Debug|Any CPU
		{3C50CE82-EF3E-4A51-8A27-66D81CA7FF25}.Debug|x86.ActiveCfg = Debug|Any CPU
		{3C50CE82-EF3E-4A51-8A27-66D81CA7FF25}.Debug|x86.Build.0 = Debug|Any CPU
		{3C50CE82-EF3E-4A51-8A27-66D81CA7FF25}.Release|Any CPU.ActiveCfg = Release|Any CPU
		{3C50CE82-EF3E-4A51-8A27-66D81CA7FF25}.Release|Any CPU.Build.0 = Release|Any CPU
		{3C50CE82-EF3E-4A51-8A27-66D81CA7FF25}.Release|x64.ActiveCfg = Release|Any CPU
		{3C50CE82-EF3E-4A51-8A27-66D81CA7FF25}.Release|x64.Build.0 = Release|Any CPU
		{3C50CE82-EF3E-4A51-8A27-66D81CA7FF25}.Release|x86.ActiveCfg = Release|Any CPU
		{3C50CE82-EF3E-4A51-8A27-66D81CA7FF25}.Release|x86.Build.0 = Release|Any CPU
		{87C05DF1-92D4-4DB1-A689-43326D47E08A}.Debug|Any CPU.ActiveCfg = Debug|Any CPU
		{87C05DF1-92D4-4DB1-A689-43326D47E08A}.Debug|Any CPU.Build.0 = Debug|Any CPU
		{87C05DF1-92D4-4DB1-A689-43326D47E08A}.Debug|x64.ActiveCfg = Debug|Any CPU
		{87C05DF1-92D4-4DB1-A689-43326D47E08A}.Debug|x64.Build.0 = Debug|Any CPU
		{87C05DF1-92D4-4DB1-A689-43326D47E08A}.Debug|x86.ActiveCfg = Debug|Any CPU
		{87C05DF1-92D4-4DB1-A689-43326D47E08A}.Debug|x86.Build.0 = Debug|Any CPU
		{87C05DF1-92D4-4DB1-A689-43326D47E08A}.Release|Any CPU.ActiveCfg = Release|Any CPU
		{87C05DF1-92D4-4DB1-A689-43326D47E08A}.Release|Any CPU.Build.0 = Release|Any CPU
		{87C05DF1-92D4-4DB1-A689-43326D47E08A}.Release|x64.ActiveCfg = Release|Any CPU
		{87C05DF1-92D4-4DB1-A689-43326D47E08A}.Release|x64.Build.0 = Release|Any CPU
		{87C05DF1-92D4-4DB1-A689-43326D47E08A}.Release|x86.ActiveCfg = Release|Any CPU
		{87C05DF1-92D4-4DB1-A689-43326D47E08A}.Release|x86.Build.0 = Release|Any CPU
		{6F4DE0D7-0C48-4A44-8B2A-8814692C4C87}.Debug|Any CPU.ActiveCfg = Debug|Any CPU
		{6F4DE0D7-0C48-4A44-8B2A-8814692C4C87}.Debug|Any CPU.Build.0 = Debug|Any CPU
		{6F4DE0D7-0C48-4A44-8B2A-8814692C4C87}.Debug|x64.ActiveCfg = Debug|Any CPU
		{6F4DE0D7-0C48-4A44-8B2A-8814692C4C87}.Debug|x64.Build.0 = Debug|Any CPU
		{6F4DE0D7-0C48-4A44-8B2A-8814692C4C87}.Debug|x86.ActiveCfg = Debug|Any CPU
		{6F4DE0D7-0C48-4A44-8B2A-8814692C4C87}.Debug|x86.Build.0 = Debug|Any CPU
		{6F4DE0D7-0C48-4A44-8B2A-8814692C4C87}.Release|Any CPU.ActiveCfg = Release|Any CPU
		{6F4DE0D7-0C48-4A44-8B2A-8814692C4C87}.Release|Any CPU.Build.0 = Release|Any CPU
		{6F4DE0D7-0C48-4A44-8B2A-8814692C4C87}.Release|x64.ActiveCfg = Release|Any CPU
		{6F4DE0D7-0C48-4A44-8B2A-8814692C4C87}.Release|x64.Build.0 = Release|Any CPU
		{6F4DE0D7-0C48-4A44-8B2A-8814692C4C87}.Release|x86.ActiveCfg = Release|Any CPU
		{6F4DE0D7-0C48-4A44-8B2A-8814692C4C87}.Release|x86.Build.0 = Release|Any CPU
	EndGlobalSection
	GlobalSection(SolutionProperties) = preSolution
		HideSolutionNode = FALSE
	EndGlobalSection
EndGlobal
